{
  "name": "todo-express-react",
  "version": "1.0.0",
  "lockfileVersion": 3,
  "requires": true,
  "packages": {
    "": {
      "name": "todo-express-react",
      "version": "1.0.0",
      "license": "ISC"
    },
    "packages/backend": {
      "version": "1.0.0",
      "extraneous": true,
      "license": "ISC",
      "dependencies": {
        "@prisma/client": "^6.14.0",
        "cors": "^2.8.5",
        "dotenv": "^17.2.1",
        "express": "^5.1.0",
        "prisma": "^6.14.0"
      },
      "devDependencies": {
        "@types/cors": "^2.8.19",
        "@types/express": "^5.0.3",
        "@types/node": "^24.2.1",
        "prettier": "3.6.2",
        "ts-node": "^10.9.2",
        "tsx": "^4.20.5",
        "typescript": "^5.9.2"
      }
    }
  }
}
